
Microsoft Visual Studio Solution File, Format Version 12.00
# Visual Studio Version 16
VisualStudioVersion = 16.0.31702.278
MinimumVisualStudioVersion = 10.0.40219.1
Project("{9A19103F-16F7-4668-BE54-9A1E7A4F7556}") = "BuyMyHouseAgenet", "BuyMyHouseAgenet.csproj", "{440F2798-56D1-47D5-9283-0BBE336B8A3D}"
EndProject
Project("{9A19103F-16F7-4668-BE54-9A1E7A4F7556}") = "DAL", "..\DAL\DAL.csproj", "{D7250068-C3E5-4012-9D32-3EDB667B6264}"
EndProject
Project("{9A19103F-16F7-4668-BE54-9A1E7A4F7556}") = "Domain", "..\Domain\Domain.csproj", "{69C4F6E2-DB4A-4F26-8696-6477C19B7E8B}"
EndProject
Global
	GlobalSection(SolutionConfigurationPlatforms) = preSolution
		Debug|Any CPU = Debug|Any CPU
		Release|Any CPU = Release|Any CPU
	EndGlobalSection
	GlobalSection(ProjectConfigurationPlatforms) = postSolution
		{440F2798-56D1-47D5-9283-0BBE336B8A3D}.Debug|Any CPU.ActiveCfg = Debug|Any CPU
		{440F2798-56D1-47D5-9283-0BBE336B8A3D}.Debug|Any CPU.Build.0 = Debug|Any CPU
		{440F2798-56D1-47D5-9283-0BBE336B8A3D}.Release|Any CPU.ActiveCfg = Release|Any CPU
		{440F2798-56D1-47D5-9283-0BBE336B8A3D}.Release|Any CPU.Build.0 = Release|Any CPU
		{D7250068-C3E5-4012-9D32-3EDB667B6264}.Debug|Any CPU.ActiveCfg = Debug|Any CPU
		{D7250068-C3E5-4012-9D32-3EDB667B6264}.Debug|Any CPU.Build.0 = Debug|Any CPU
		{D7250068-C3E5-4012-9D32-3EDB667B6264}.Release|Any CPU.ActiveCfg = Release|Any CPU
		{D7250068-C3E5-4012-9D32-3EDB667B6264}.Release|Any CPU.Build.0 = Release|Any CPU
		{69C4F6E2-DB4A-4F26-8696-6477C19B7E8B}.Debug|Any CPU.ActiveCfg = Debug|Any CPU
		{69C4F6E2-DB4A-4F26-8696-6477C19B7E8B}.Debug|Any CPU.Build.0 = Debug|Any CPU
		{69C4F6E2-DB4A-4F26-8696-6477C19B7E8B}.Release|Any CPU.ActiveCfg = Release|Any CPU
		{69C4F6E2-DB4A-4F26-8696-6477C19B7E8B}.Release|Any CPU.Build.0 = Release|Any CPU
	EndGlobalSection
	GlobalSection(SolutionProperties) = preSolution
		HideSolutionNode = FALSE
	EndGlobalSection
	GlobalSection(ExtensibilityGlobals) = postSolution
		SolutionGuid = {C152153D-8738-448D-A4B7-58544217ADA1}
	EndGlobalSection
EndGlobal
